
Microsoft Visual Studio Solution File, Format Version 12.00
# Visual Studio Version 17
VisualStudioVersion = 17.7.34221.43
MinimumVisualStudioVersion = 10.0.40219.1
Project("{9A19103F-16F7-4668-BE54-9A1E7A4F7556}") = "Program", "Program.csproj", "{9548B191-43FD-454C-949A-F591FBA0BF43}"
EndProject
Project("{FAE04EC0-301F-11D3-BF4B-00C04F79EFBC}") = "Class1th", "..\Boxing\Class1th.csproj", "{69F72BF9-96AB-4029-83C8-2390E77B2FBF}"
EndProject
Project("{FAE04EC0-301F-11D3-BF4B-00C04F79EFBC}") = "Class2th", "..\Second_Class\Class2th.csproj", "{EC38EF78-AD96-4BB8-8AC1-C220F3964543}"
EndProject
Project("{FAE04EC0-301F-11D3-BF4B-00C04F79EFBC}") = "Class3th", "..\Class3th\Class3th.csproj", "{21EA1629-E781-46CE-89FD-5AAF3360CCA0}"
EndProject
Project("{FAE04EC0-301F-11D3-BF4B-00C04F79EFBC}") = "Class4th", "..\Class4th\Class4th.csproj", "{A7A1D4CD-94CA-4CAE-AA25-F98CEE99CEC6}"
EndProject
Project("{FAE04EC0-301F-11D3-BF4B-00C04F79EFBC}") = "Class5th", "..\Class5th\Class5th.csproj", "{16C72C83-7BB4-4EDA-94F7-6FDCD4AD83A7}"
EndProject
Project("{FAE04EC0-301F-11D3-BF4B-00C04F79EFBC}") = "Class6th", "..\Class6th\Class6th.csproj", "{F65D374A-5123-42BA-B816-1552DECFC13B}"
EndProject
Project("{FAE04EC0-301F-11D3-BF4B-00C04F79EFBC}") = "Class7th", "..\Class7th\Class7th.csproj", "{FCE920F5-CBC2-4018-A5B9-02E3104952BC}"
EndProject
Project("{FAE04EC0-301F-11D3-BF4B-00C04F79EFBC}") = "Class8th", "..\Class8th\Class8th.csproj", "{2CF8F4CC-ABB0-46F9-8443-3F7A4765D590}"
EndProject
Project("{FAE04EC0-301F-11D3-BF4B-00C04F79EFBC}") = "Class9th", "..\Class9th\Class9th.csproj", "{462F8682-A520-4842-9E78-EA9F7F5C388E}"
EndProject
Project("{FAE04EC0-301F-11D3-BF4B-00C04F79EFBC}") = "Class10th", "..\Class10th\Class10th.csproj", "{F76BDE5C-DD11-4FC7-9208-CE192D17DAB6}"
EndProject
Project("{FAE04EC0-301F-11D3-BF4B-00C04F79EFBC}") = "Class11th", "..\Class11th\Class11th.csproj", "{046C9D0D-72D1-4665-913A-0CB65EB3E676}"
EndProject
Project("{FAE04EC0-301F-11D3-BF4B-00C04F79EFBC}") = "Class12th", "..\Class12th\Class12th.csproj", "{58FD546F-3E11-4DAC-A898-41144935BC92}"
EndProject
Project("{FAE04EC0-301F-11D3-BF4B-00C04F79EFBC}") = "Class13th", "..\Class13th\Class13th.csproj", "{6010BF52-6FA9-47B4-BA04-28F563901F25}"
EndProject
Project("{9A19103F-16F7-4668-BE54-9A1E7A4F7556}") = "Class14th", "..\Class14th\Class14th.csproj", "{D9689A6F-17D3-47D9-AE76-9A8B56D5E91D}"
EndProject
Project("{FAE04EC0-301F-11D3-BF4B-00C04F79EFBC}") = "Class15th", "..\Class15th\Class15th.csproj", "{FBF5980D-08F6-42D2-A92C-69746EA38BF0}"
EndProject
Project("{FAE04EC0-301F-11D3-BF4B-00C04F79EFBC}") = "Class16th", "..\Class16th\Class16th.csproj", "{EBD1A41E-415C-4DE7-94E7-C513C34EC769}"
EndProject
Global
	GlobalSection(SolutionConfigurationPlatforms) = preSolution
		Debug|Any CPU = Debug|Any CPU
		Release|Any CPU = Release|Any CPU
	EndGlobalSection
	GlobalSection(ProjectConfigurationPlatforms) = postSolution
		{9548B191-43FD-454C-949A-F591FBA0BF43}.Debug|Any CPU.ActiveCfg = Debug|Any CPU
		{9548B191-43FD-454C-949A-F591FBA0BF43}.Debug|Any CPU.Build.0 = Debug|Any CPU
		{9548B191-43FD-454C-949A-F591FBA0BF43}.Release|Any CPU.ActiveCfg = Release|Any CPU
		{9548B191-43FD-454C-949A-F591FBA0BF43}.Release|Any CPU.Build.0 = Release|Any CPU
		{69F72BF9-96AB-4029-83C8-2390E77B2FBF}.Debug|Any CPU.ActiveCfg = Debug|Any CPU
		{69F72BF9-96AB-4029-83C8-2390E77B2FBF}.Debug|Any CPU.Build.0 = Debug|Any CPU
		{69F72BF9-96AB-4029-83C8-2390E77B2FBF}.Release|Any CPU.ActiveCfg = Release|Any CPU
		{69F72BF9-96AB-4029-83C8-2390E77B2FBF}.Release|Any CPU.Build.0 = Release|Any CPU
		{EC38EF78-AD96-4BB8-8AC1-C220F3964543}.Debug|Any CPU.ActiveCfg = Debug|Any CPU
		{EC38EF78-AD96-4BB8-8AC1-C220F3964543}.Debug|Any CPU.Build.0 = Debug|Any CPU
		{EC38EF78-AD96-4BB8-8AC1-C220F3964543}.Release|Any CPU.ActiveCfg = Release|Any CPU
		{EC38EF78-AD96-4BB8-8AC1-C220F3964543}.Release|Any CPU.Build.0 = Release|Any CPU
		{21EA1629-E781-46CE-89FD-5AAF3360CCA0}.Debug|Any CPU.ActiveCfg = Debug|Any CPU
		{21EA1629-E781-46CE-89FD-5AAF3360CCA0}.Debug|Any CPU.Build.0 = Debug|Any CPU
		{21EA1629-E781-46CE-89FD-5AAF3360CCA0}.Release|Any CPU.ActiveCfg = Release|Any CPU
		{21EA1629-E781-46CE-89FD-5AAF3360CCA0}.Release|Any CPU.Build.0 = Release|Any CPU
		{A7A1D4CD-94CA-4CAE-AA25-F98CEE99CEC6}.Debug|Any CPU.ActiveCfg = Debug|Any CPU
		{A7A1D4CD-94CA-4CAE-AA25-F98CEE99CEC6}.Debug|Any CPU.Build.0 = Debug|Any CPU
		{A7A1D4CD-94CA-4CAE-AA25-F98CEE99CEC6}.Release|Any CPU.ActiveCfg = Release|Any CPU
		{A7A1D4CD-94CA-4CAE-AA25-F98CEE99CEC6}.Release|Any CPU.Build.0 = Release|Any CPU
		{16C72C83-7BB4-4EDA-94F7-6FDCD4AD83A7}.Debug|Any CPU.ActiveCfg = Debug|Any CPU
		{16C72C83-7BB4-4EDA-94F7-6FDCD4AD83A7}.Debug|Any CPU.Build.0 = Debug|Any CPU
		{16C72C83-7BB4-4EDA-94F7-6FDCD4AD83A7}.Release|Any CPU.ActiveCfg = Release|Any CPU
		{16C72C83-7BB4-4EDA-94F7-6FDCD4AD83A7}.Release|Any CPU.Build.0 = Release|Any CPU
		{F65D374A-5123-42BA-B816-1552DECFC13B}.Debug|Any CPU.ActiveCfg = Debug|Any CPU
		{F65D374A-5123-42BA-B816-1552DECFC13B}.Debug|Any CPU.Build.0 = Debug|Any CPU
		{F65D374A-5123-42BA-B816-1552DECFC13B}.Release|Any CPU.ActiveCfg = Release|Any CPU
		{F65D374A-5123-42BA-B816-1552DECFC13B}.Release|Any CPU.Build.0 = Release|Any CPU
		{FCE920F5-CBC2-4018-A5B9-02E3104952BC}.Debug|Any CPU.ActiveCfg = Debug|Any CPU
		{FCE920F5-CBC2-4018-A5B9-02E3104952BC}.Debug|Any CPU.Build.0 = Debug|Any CPU
		{FCE920F5-CBC2-4018-A5B9-02E3104952BC}.Release|Any CPU.ActiveCfg = Release|Any CPU
		{FCE920F5-CBC2-4018-A5B9-02E3104952BC}.Release|Any CPU.Build.0 = Release|Any CPU
		{2CF8F4CC-ABB0-46F9-8443-3F7A4765D590}.Debug|Any CPU.ActiveCfg = Debug|Any CPU
		{2CF8F4CC-ABB0-46F9-8443-3F7A4765D590}.Debug|Any CPU.Build.0 = Debug|Any CPU
		{2CF8F4CC-ABB0-46F9-8443-3F7A4765D590}.Release|Any CPU.ActiveCfg = Release|Any CPU
		{2CF8F4CC-ABB0-46F9-8443-3F7A4765D590}.Release|Any CPU.Build.0 = Release|Any CPU
		{462F8682-A520-4842-9E78-EA9F7F5C388E}.Debug|Any CPU.ActiveCfg = Debug|Any CPU
		{462F8682-A520-4842-9E78-EA9F7F5C388E}.Debug|Any CPU.Build.0 = Debug|Any CPU
		{462F8682-A520-4842-9E78-EA9F7F5C388E}.Release|Any CPU.ActiveCfg = Release|Any CPU
		{462F8682-A520-4842-9E78-EA9F7F5C388E}.Release|Any CPU.Build.0 = Release|Any CPU
		{F76BDE5C-DD11-4FC7-9208-CE192D17DAB6}.Debug|Any CPU.ActiveCfg = Debug|Any CPU
		{F76BDE5C-DD11-4FC7-9208-CE192D17DAB6}.Debug|Any CPU.Build.0 = Debug|Any CPU
		{F76BDE5C-DD11-4FC7-9208-CE192D17DAB6}.Release|Any CPU.ActiveCfg = Release|Any CPU
		{F76BDE5C-DD11-4FC7-9208-CE192D17DAB6}.Release|Any CPU.Build.0 = Release|Any CPU
		{046C9D0D-72D1-4665-913A-0CB65EB3E676}.Debug|Any CPU.ActiveCfg = Debug|Any CPU
		{046C9D0D-72D1-4665-913A-0CB65EB3E676}.Debug|Any CPU.Build.0 = Debug|Any CPU
		{046C9D0D-72D1-4665-913A-0CB65EB3E676}.Release|Any CPU.ActiveCfg = Release|Any CPU
		{046C9D0D-72D1-4665-913A-0CB65EB3E676}.Release|Any CPU.Build.0 = Release|Any CPU
		{58FD546F-3E11-4DAC-A898-41144935BC92}.Debug|Any CPU.ActiveCfg = Debug|Any CPU
		{58FD546F-3E11-4DAC-A898-41144935BC92}.Debug|Any CPU.Build.0 = Debug|Any CPU
		{58FD546F-3E11-4DAC-A898-41144935BC92}.Release|Any CPU.ActiveCfg = Release|Any CPU
		{58FD546F-3E11-4DAC-A898-41144935BC92}.Release|Any CPU.Build.0 = Release|Any CPU
		{6010BF52-6FA9-47B4-BA04-28F563901F25}.Debug|Any CPU.ActiveCfg = Debug|Any CPU
		{6010BF52-6FA9-47B4-BA04-28F563901F25}.Debug|Any CPU.Build.0 = Debug|Any CPU
		{6010BF52-6FA9-47B4-BA04-28F563901F25}.Release|Any CPU.ActiveCfg = Release|Any CPU
		{6010BF52-6FA9-47B4-BA04-28F563901F25}.Release|Any CPU.Build.0 = Release|Any CPU
		{D9689A6F-17D3-47D9-AE76-9A8B56D5E91D}.Debug|Any CPU.ActiveCfg = Debug|Any CPU
		{D9689A6F-17D3-47D9-AE76-9A8B56D5E91D}.Debug|Any CPU.Build.0 = Debug|Any CPU
		{D9689A6F-17D3-47D9-AE76-9A8B56D5E91D}.Release|Any CPU.ActiveCfg = Release|Any CPU
		{D9689A6F-17D3-47D9-AE76-9A8B56D5E91D}.Release|Any CPU.Build.0 = Release|Any CPU
		{FBF5980D-08F6-42D2-A92C-69746EA38BF0}.Debug|Any CPU.ActiveCfg = Debug|Any CPU
		{FBF5980D-08F6-42D2-A92C-69746EA38BF0}.Debug|Any CPU.Build.0 = Debug|Any CPU
		{FBF5980D-08F6-42D2-A92C-69746EA38BF0}.Release|Any CPU.ActiveCfg = Release|Any CPU
		{FBF5980D-08F6-42D2-A92C-69746EA38BF0}.Release|Any CPU.Build.0 = Release|Any CPU
		{EBD1A41E-415C-4DE7-94E7-C513C34EC769}.Debug|Any CPU.ActiveCfg = Debug|Any CPU
		{EBD1A41E-415C-4DE7-94E7-C513C34EC769}.Debug|Any CPU.Build.0 = Debug|Any CPU
		{EBD1A41E-415C-4DE7-94E7-C513C34EC769}.Release|Any CPU.ActiveCfg = Release|Any CPU
		{EBD1A41E-415C-4DE7-94E7-C513C34EC769}.Release|Any CPU.Build.0 = Release|Any CPU
	EndGlobalSection
	GlobalSection(SolutionProperties) = preSolution
		HideSolutionNode = FALSE
	EndGlobalSection
	GlobalSection(ExtensibilityGlobals) = postSolution
		SolutionGuid = {28099126-D58D-4C2F-8480-B2AB059C931C}
	EndGlobalSection
EndGlobal
